# THIS IS AN AUTOGENERATED FILE. DO NOT EDIT THIS FILE DIRECTLY.
# yarn lockfile v1


"@react-native-picker/picker@^1.8.3":
  version "1.16.8"
  resolved "https://registry.yarnpkg.com/@react-native-picker/picker/-/picker-1.16.8.tgz#2126ca54d4a5a3e9ea5e3f39ad1e6643f8e4b3d4"
  integrity sha512-pacdQDX6V6EmjF+HoiIh6u++qx4mTK0WnhgUHRc01B+Qt5eoeUwseBqmqfTSXTx/aHDEd6PiIw7UGvKgFoqgFQ==

lodash.isequal@^4.5.0:
  version "4.5.0"
  resolved "https://registry.yarnpkg.com/lodash.isequal/-/lodash.isequal-4.5.0.tgz#415c4478f2bcc30120c22ce10ed3226f7d3e18e0"
  integrity sha512-pDo3lu8Jhfjqls6GkMgpahsF9kCyayhgykjyLMNFTKWrpVdAQtYyB4muAMWozBB4ig/dtWAmsMxLEI8wuz+DYQ==

react-native-picker-select@^8.0.4:
  version "8.0.4"
  resolved "https://registry.yarnpkg.com/react-native-picker-select/-/react-native-picker-select-8.0.4.tgz#3f7f1f42df69b06e7d2c10338288332a6c40fd10"
  integrity sha512-orBjPIwBkV5oipyVw263YNMI56f6Kj3p/ejabZoCYYNSG3AiLVVhC2RqsxMgDA7IayyURAW+AlV+mDJyVqLBkg==
  dependencies:
    "@react-native-picker/picker" "^1.8.3"
    lodash.isequal "^4.5.0"
